
Microsoft Visual Studio Solution File, Format Version 12.00
# Visual Studio Version 17
VisualStudioVersion = 17.0.32002.185
MinimumVisualStudioVersion = 10.0.40219.1
Project("{FAE04EC0-301F-11D3-BF4B-00C04F79EFBC}") = "SignalR", "SignalR\SignalR.csproj", "{B316DC7A-3F74-43B1-BBEF-7D9C3ECC1A5A}"
EndProject
Global
	GlobalSection(SolutionConfigurationPlatforms) = preSolution
		Debug|Any CPU = Debug|Any CPU
		Release|Any CPU = Release|Any CPU
	EndGlobalSection
	GlobalSection(ProjectConfigurationPlatforms) = postSolution
		{B316DC7A-3F74-43B1-BBEF-7D9C3ECC1A5A}.Debug|Any CPU.ActiveCfg = Debug|Any CPU
		{B316DC7A-3F74-43B1-BBEF-7D9C3ECC1A5A}.Debug|Any CPU.Build.0 = Debug|Any CPU
		{B316DC7A-3F74-43B1-BBEF-7D9C3ECC1A5A}.Release|Any CPU.ActiveCfg = Release|Any CPU
		{B316DC7A-3F74-43B1-BBEF-7D9C3ECC1A5A}.Release|Any CPU.Build.0 = Release|Any CPU
	EndGlobalSection
	GlobalSection(SolutionProperties) = preSolution
		HideSolutionNode = FALSE
	EndGlobalSection
	GlobalSection(ExtensibilityGlobals) = postSolution
		SolutionGuid = {3FA6A73A-2D45-492A-B3B7-55FF7DF0FE82}
	EndGlobalSection
EndGlobal
